
Microsoft Visual Studio Solution File, Format Version 12.00
# Visual Studio 2012
Project("{FAE04EC0-301F-11D3-BF4B-00C04F79EFBC}") = "CollapsableView", "CollapsableView\CollapsableView.csproj", "{C8F313C8-DA9F-47A1-87E8-45671A1D216D}"
EndProject
Project("{FAE04EC0-301F-11D3-BF4B-00C04F79EFBC}") = "CollapsableView.iOS", "iOS\CollapsableView.iOS.csproj", "{3C658603-AC19-4192-9893-5257A59A77A2}"
EndProject
Project("{FAE04EC0-301F-11D3-BF4B-00C04F79EFBC}") = "CollapsableView.Droid", "Droid\CollapsableView.Droid.csproj", "{18026E4C-0C10-4DAA-A217-E93608AAE31B}"
EndProject
Global
	GlobalSection(SolutionConfigurationPlatforms) = preSolution
		Debug|Any CPU = Debug|Any CPU
		Release|Any CPU = Release|Any CPU
		Debug|iPhoneSimulator = Debug|iPhoneSimulator
		Release|iPhone = Release|iPhone
		Release|iPhoneSimulator = Release|iPhoneSimulator
		Debug|iPhone = Debug|iPhone
	EndGlobalSection
	GlobalSection(ProjectConfigurationPlatforms) = postSolution
		{C8F313C8-DA9F-47A1-87E8-45671A1D216D}.Debug|Any CPU.ActiveCfg = Debug|Any CPU
		{C8F313C8-DA9F-47A1-87E8-45671A1D216D}.Debug|Any CPU.Build.0 = Debug|Any CPU
		{C8F313C8-DA9F-47A1-87E8-45671A1D216D}.Release|Any CPU.ActiveCfg = Release|Any CPU
		{C8F313C8-DA9F-47A1-87E8-45671A1D216D}.Release|Any CPU.Build.0 = Release|Any CPU
		{C8F313C8-DA9F-47A1-87E8-45671A1D216D}.Debug|iPhoneSimulator.ActiveCfg = Debug|Any CPU
		{C8F313C8-DA9F-47A1-87E8-45671A1D216D}.Debug|iPhoneSimulator.Build.0 = Debug|Any CPU
		{C8F313C8-DA9F-47A1-87E8-45671A1D216D}.Release|iPhone.ActiveCfg = Release|Any CPU
		{C8F313C8-DA9F-47A1-87E8-45671A1D216D}.Release|iPhone.Build.0 = Release|Any CPU
		{C8F313C8-DA9F-47A1-87E8-45671A1D216D}.Release|iPhoneSimulator.ActiveCfg = Release|Any CPU
		{C8F313C8-DA9F-47A1-87E8-45671A1D216D}.Release|iPhoneSimulator.Build.0 = Release|Any CPU
		{C8F313C8-DA9F-47A1-87E8-45671A1D216D}.Debug|iPhone.ActiveCfg = Debug|Any CPU
		{C8F313C8-DA9F-47A1-87E8-45671A1D216D}.Debug|iPhone.Build.0 = Debug|Any CPU
		{3C658603-AC19-4192-9893-5257A59A77A2}.Debug|Any CPU.ActiveCfg = Debug|iPhoneSimulator
		{3C658603-AC19-4192-9893-5257A59A77A2}.Debug|Any CPU.Build.0 = Debug|iPhoneSimulator
		{3C658603-AC19-4192-9893-5257A59A77A2}.Release|Any CPU.ActiveCfg = Release|iPhone
		{3C658603-AC19-4192-9893-5257A59A77A2}.Release|Any CPU.Build.0 = Release|iPhone
		{3C658603-AC19-4192-9893-5257A59A77A2}.Debug|iPhoneSimulator.ActiveCfg = Debug|iPhoneSimulator
		{3C658603-AC19-4192-9893-5257A59A77A2}.Debug|iPhoneSimulator.Build.0 = Debug|iPhoneSimulator
		{3C658603-AC19-4192-9893-5257A59A77A2}.Release|iPhone.ActiveCfg = Release|iPhone
		{3C658603-AC19-4192-9893-5257A59A77A2}.Release|iPhone.Build.0 = Release|iPhone
		{3C658603-AC19-4192-9893-5257A59A77A2}.Release|iPhoneSimulator.ActiveCfg = Release|iPhoneSimulator
		{3C658603-AC19-4192-9893-5257A59A77A2}.Release|iPhoneSimulator.Build.0 = Release|iPhoneSimulator
		{3C658603-AC19-4192-9893-5257A59A77A2}.Debug|iPhone.ActiveCfg = Debug|iPhone
		{3C658603-AC19-4192-9893-5257A59A77A2}.Debug|iPhone.Build.0 = Debug|iPhone
		{18026E4C-0C10-4DAA-A217-E93608AAE31B}.Debug|Any CPU.ActiveCfg = Debug|Any CPU
		{18026E4C-0C10-4DAA-A217-E93608AAE31B}.Debug|Any CPU.Build.0 = Debug|Any CPU
		{18026E4C-0C10-4DAA-A217-E93608AAE31B}.Release|Any CPU.ActiveCfg = Release|Any CPU
		{18026E4C-0C10-4DAA-A217-E93608AAE31B}.Release|Any CPU.Build.0 = Release|Any CPU
		{18026E4C-0C10-4DAA-A217-E93608AAE31B}.Debug|iPhoneSimulator.ActiveCfg = Debug|Any CPU
		{18026E4C-0C10-4DAA-A217-E93608AAE31B}.Debug|iPhoneSimulator.Build.0 = Debug|Any CPU
		{18026E4C-0C10-4DAA-A217-E93608AAE31B}.Release|iPhone.ActiveCfg = Release|Any CPU
		{18026E4C-0C10-4DAA-A217-E93608AAE31B}.Release|iPhone.Build.0 = Release|Any CPU
		{18026E4C-0C10-4DAA-A217-E93608AAE31B}.Release|iPhoneSimulator.ActiveCfg = Release|Any CPU
		{18026E4C-0C10-4DAA-A217-E93608AAE31B}.Release|iPhoneSimulator.Build.0 = Release|Any CPU
		{18026E4C-0C10-4DAA-A217-E93608AAE31B}.Debug|iPhone.ActiveCfg = Debug|Any CPU
		{18026E4C-0C10-4DAA-A217-E93608AAE31B}.Debug|iPhone.Build.0 = Debug|Any CPU
	EndGlobalSection
EndGlobal
